dependencies:
- name: postgresql
  repository: https://charts.bitnami.com/bitnami
  version: 16.5.5
- name: postgresql
  repository: https://charts.bitnami.com/bitnami
  version: 16.5.5
- name: postgresql
  repository: https://charts.bitnami.com/bitnami
  version: 16.5.5
- name: kratos
  repository: https://k8s.ory.sh/helm/charts
  version: 0.52.0
- name: kratos-selfservice-ui-node
  repository: https://k8s.ory.sh/helm/charts
  version: 0.52.0
- name: hydra
  repository: https://k8s.ory.sh/helm/charts
  version: 0.52.0
- name: keto
  repository: https://k8s.ory.sh/helm/charts
  version: 0.52.0
- name: oathkeeper
  repository: https://k8s.ory.sh/helm/charts
  version: 0.52.0
digest: sha256:1e25babe6b0e7281954925bf4e2da72aedc08fd2ec4f46117546f0a351cdeec4
generated: "2025-03-26T23:54:20.328645798Z"
