dependencies:
- name: postgresql
  repository: https://charts.bitnami.com/bitnami
  version: 16.5.5
- name: postgresql
  repository: https://charts.bitnami.com/bitnami
  version: 16.5.5
- name: kratos
  repository: https://k8s.ory.sh/helm/charts
  version: 0.52.0
- name: kratos-selfservice-ui-node
  repository: https://k8s.ory.sh/helm/charts
  version: 0.52.0
- name: hydra
  repository: https://k8s.ory.sh/helm/charts
  version: 0.52.0
digest: sha256:d71d7f914eab0d270d34c84c60d989cb7a678ea2795222107c383991ada72c03
generated: "2025-03-26T20:25:14.67184502Z"
